lockfileVersion: '9.0'

settings:
  autoInstallPeers: true
  excludeLinksFromLockfile: false

importers:

  .:
    devDependencies:
      '@prettier/plugin-php':
        specifier: 0.22.2
        version: 0.22.2(prettier@3.4.2)
      prettier:
        specifier: 3.4.2
        version: 3.4.2

packages:

  '@prettier/plugin-php@0.22.2':
    resolution: {integrity: sha512-md0+7tNbsP0oy+wIP3KZZc6fzx1k1jtWaMjOy/gM8yU9f2BDYEi+iHOc/UNPihYvPI28zFTbjvlhH4QXQjQwNg==}
    peerDependencies:
      prettier: ^3.0.0

  linguist-languages@7.27.0:
    resolution: {integrity: sha512-Wzx/22c5Jsv2ag+uKy+ITanGA5hzvBZngrNGDXLTC7ZjGM6FLCYGgomauTkxNJeP9of353OM0pWqngYA180xgw==}

  php-parser@3.2.1:
    resolution: {integrity: sha512-WT5AMqe39ZdqAxp9Yp7uR6e3clBWlT1dxHHs49GmnDx2d+975NEiLSVy2tRGLdSC9tgdQOLiN1Yz54g1d2cZDQ==}

  prettier@3.4.2:
    resolution: {integrity: sha512-e9MewbtFo+Fevyuxn/4rrcDAaq0IYxPGLvObpQjiZBMAzB9IGmzlnG9RZy3FFas+eBMu2vA0CszMeduow5dIuQ==}
    engines: {node: '>=14'}
    hasBin: true

snapshots:

  '@prettier/plugin-php@0.22.2(prettier@3.4.2)':
    dependencies:
      linguist-languages: 7.27.0
      php-parser: 3.2.1
      prettier: 3.4.2

  linguist-languages@7.27.0: {}

  php-parser@3.2.1: {}

  prettier@3.4.2: {}
